
Microsoft Visual Studio Solution File, Format Version 12.00
# Visual Studio Version 17
VisualStudioVersion = 17.8.34511.84
MinimumVisualStudioVersion = 10.0.40219.1
Project("{9A19103F-16F7-4668-BE54-9A1E7A4F7556}") = "SlumWarriors", "SlumWarriors.csproj", "{A6E4CF0B-680D-45CB-B95D-429F0C3FE2E1}"
EndProject
Global
	GlobalSection(SolutionConfigurationPlatforms) = preSolution
		Debug|Any CPU = Debug|Any CPU
		Debug|x64 = Debug|x64
		Release|Any CPU = Release|Any CPU
		Release|x64 = Release|x64
	EndGlobalSection
	GlobalSection(ProjectConfigurationPlatforms) = postSolution
		{A6E4CF0B-680D-45CB-B95D-429F0C3FE2E1}.Debug|Any CPU.ActiveCfg = Debug|Any CPU
		{A6E4CF0B-680D-45CB-B95D-429F0C3FE2E1}.Debug|Any CPU.Build.0 = Debug|Any CPU
		{A6E4CF0B-680D-45CB-B95D-429F0C3FE2E1}.Debug|x64.ActiveCfg = Debug|x64
		{A6E4CF0B-680D-45CB-B95D-429F0C3FE2E1}.Debug|x64.Build.0 = Debug|x64
		{A6E4CF0B-680D-45CB-B95D-429F0C3FE2E1}.Release|Any CPU.ActiveCfg = Release|Any CPU
		{A6E4CF0B-680D-45CB-B95D-429F0C3FE2E1}.Release|Any CPU.Build.0 = Release|Any CPU
		{A6E4CF0B-680D-45CB-B95D-429F0C3FE2E1}.Release|x64.ActiveCfg = Release|x64
		{A6E4CF0B-680D-45CB-B95D-429F0C3FE2E1}.Release|x64.Build.0 = Release|x64
	EndGlobalSection
	GlobalSection(SolutionProperties) = preSolution
		HideSolutionNode = FALSE
	EndGlobalSection
	GlobalSection(ExtensibilityGlobals) = postSolution
		SolutionGuid = {32BF9A88-040A-4923-9DCE-7FFBFCD08B44}
	EndGlobalSection
EndGlobal
