
Microsoft Visual Studio Solution File, Format Version 12.00
# Visual Studio Version 17
VisualStudioVersion = 17.8.34511.84
MinimumVisualStudioVersion = 10.0.40219.1
Project("{FAE04EC0-301F-11D3-BF4B-00C04F79EFBC}") = "SlumWarriors", "SlumWarriors.csproj", "{A6E4CF0B-680D-45CB-B95D-429F0C3FE2E1}"
EndProject
Global
	GlobalSection(SolutionConfigurationPlatforms) = preSolution
		Debug|Any CPU = Debug|Any CPU
		Release|Any CPU = Release|Any CPU
	EndGlobalSection
	GlobalSection(ProjectConfigurationPlatforms) = postSolution
		{A6E4CF0B-680D-45CB-B95D-429F0C3FE2E1}.Debug|Any CPU.ActiveCfg = Debug|Any CPU
		{A6E4CF0B-680D-45CB-B95D-429F0C3FE2E1}.Debug|Any CPU.Build.0 = Debug|Any CPU
		{A6E4CF0B-680D-45CB-B95D-429F0C3FE2E1}.Release|Any CPU.ActiveCfg = Release|Any CPU
		{A6E4CF0B-680D-45CB-B95D-429F0C3FE2E1}.Release|Any CPU.Build.0 = Release|Any CPU
	EndGlobalSection
	GlobalSection(SolutionProperties) = preSolution
		HideSolutionNode = FALSE
	EndGlobalSection
	GlobalSection(ExtensibilityGlobals) = postSolution
		SolutionGuid = {32BF9A88-040A-4923-9DCE-7FFBFCD08B44}
	EndGlobalSection
EndGlobal
